
Microsoft Visual Studio Solution File, Format Version 12.00
# Visual Studio Version 17
VisualStudioVersion = 17.9.34607.119
MinimumVisualStudioVersion = 10.0.40219.1
Project("{888888A0-9F3D-457C-B088-3A5042F75D52}") = "db", "db\db.pyproj", "{68BD5EAD-0EFF-483A-B6A5-6C382FF313C2}"
EndProject
Project("{888888A0-9F3D-457C-B088-3A5042F75D52}") = "PyTT", "PyTT.pyproj", "{26DB45FA-EA9B-4BF7-8CE3-FFB7966FA73D}"
EndProject
Global
	GlobalSection(SolutionConfigurationPlatforms) = preSolution
		Debug|Any CPU = Debug|Any CPU
		Release|Any CPU = Release|Any CPU
	EndGlobalSection
	GlobalSection(ProjectConfigurationPlatforms) = postSolution
		{68BD5EAD-0EFF-483A-B6A5-6C382FF313C2}.Debug|Any CPU.ActiveCfg = Debug|Any CPU
		{68BD5EAD-0EFF-483A-B6A5-6C382FF313C2}.Release|Any CPU.ActiveCfg = Release|Any CPU
		{26DB45FA-EA9B-4BF7-8CE3-FFB7966FA73D}.Debug|Any CPU.ActiveCfg = Debug|Any CPU
		{26DB45FA-EA9B-4BF7-8CE3-FFB7966FA73D}.Release|Any CPU.ActiveCfg = Release|Any CPU
	EndGlobalSection
	GlobalSection(SolutionProperties) = preSolution
		HideSolutionNode = FALSE
	EndGlobalSection
	GlobalSection(ExtensibilityGlobals) = postSolution
		SolutionGuid = {194F035E-9014-4170-969A-55F446991101}
	EndGlobalSection
EndGlobal
