
Microsoft Visual Studio Solution File, Format Version 12.00
# Visual Studio Version 17
VisualStudioVersion = 17.9.34607.119
MinimumVisualStudioVersion = 10.0.40219.1
Project("{888888A0-9F3D-457C-B088-3A5042F75D52}") = "launcher", "launcher\launcher.pyproj", "{34F4FAF3-A266-4272-9C74-180DDE212D01}"
EndProject
Project("{888888A0-9F3D-457C-B088-3A5042F75D52}") = "gui", "gui\gui.pyproj", "{E1DAD635-84E6-4355-9173-A29555422824}"
EndProject
Project("{888888A0-9F3D-457C-B088-3A5042F75D52}") = "util", "util\util.pyproj", "{00E57790-3724-4264-8F1A-5FF6174D57E5}"
EndProject
Project("{888888A0-9F3D-457C-B088-3A5042F75D52}") = "db", "db\db.pyproj", "{68BD5EAD-0EFF-483A-B6A5-6C382FF313C2}"
EndProject
Global
	GlobalSection(SolutionConfigurationPlatforms) = preSolution
		Debug|Any CPU = Debug|Any CPU
		Release|Any CPU = Release|Any CPU
	EndGlobalSection
	GlobalSection(ProjectConfigurationPlatforms) = postSolution
		{34F4FAF3-A266-4272-9C74-180DDE212D01}.Debug|Any CPU.ActiveCfg = Debug|Any CPU
		{34F4FAF3-A266-4272-9C74-180DDE212D01}.Release|Any CPU.ActiveCfg = Release|Any CPU
		{E1DAD635-84E6-4355-9173-A29555422824}.Debug|Any CPU.ActiveCfg = Debug|Any CPU
		{E1DAD635-84E6-4355-9173-A29555422824}.Release|Any CPU.ActiveCfg = Release|Any CPU
		{00E57790-3724-4264-8F1A-5FF6174D57E5}.Debug|Any CPU.ActiveCfg = Debug|Any CPU
		{00E57790-3724-4264-8F1A-5FF6174D57E5}.Release|Any CPU.ActiveCfg = Release|Any CPU
		{68BD5EAD-0EFF-483A-B6A5-6C382FF313C2}.Debug|Any CPU.ActiveCfg = Debug|Any CPU
		{68BD5EAD-0EFF-483A-B6A5-6C382FF313C2}.Release|Any CPU.ActiveCfg = Release|Any CPU
	EndGlobalSection
	GlobalSection(SolutionProperties) = preSolution
		HideSolutionNode = FALSE
	EndGlobalSection
	GlobalSection(ExtensibilityGlobals) = postSolution
		SolutionGuid = {194F035E-9014-4170-969A-55F446991101}
	EndGlobalSection
EndGlobal
